# This file is automatically @generated by Wally.
# It is not intended for manual editing.
registry = "test"

[[package]]
name = "akira/rewind"
version = "0.1.0"
dependencies = [["promise", "evaera/promise@4.0.0"], ["signal", "sleitnick/signal@2.0.3"], ["t", "osyrisrblx/t@3.1.1"], ["table-util", "sleitnick/table-util@1.2.1"], ["trove", "sleitnick/trove@1.8.0"], ["iris", "sirmallard/iris@2.5.0"], ["testez", "roblox/testez@0.4.1"]]

[[package]]
name = "evaera/promise"
version = "4.0.0"
dependencies = []

[[package]]
name = "osyrisrblx/t"
version = "3.1.1"
dependencies = []

[[package]]
name = "roblox/testez"
version = "0.4.1"
dependencies = []

[[package]]
name = "sirmallard/iris"
version = "2.5.0"
dependencies = []

[[package]]
name = "sleitnick/signal"
version = "2.0.3"
dependencies = []

[[package]]
name = "sleitnick/table-util"
version = "1.2.1"
dependencies = []

[[package]]
name = "sleitnick/trove"
version = "1.8.0"
dependencies = []
